
Microsoft Visual Studio Solution File, Format Version 12.00
Project("{FAE04EC0-301F-11D3-BF4B-00C04F79EFBC}") = "BowlingGame", "BowlingGame\BowlingGame.csproj", "{7051A9B5-CF8A-4C29-BDB4-ECBEE8C0A04F}"
EndProject
Project("{FAE04EC0-301F-11D3-BF4B-00C04F79EFBC}") = "BowlingGameTest", "BowlingGameTest\BowlingGameTest.csproj", "{F5EECB09-933D-4585-B12A-78A95AC62A86}"
EndProject
Global
	GlobalSection(SolutionConfigurationPlatforms) = preSolution
		Debug|Any CPU = Debug|Any CPU
		Release|Any CPU = Release|Any CPU
	EndGlobalSection
	GlobalSection(ProjectConfigurationPlatforms) = postSolution
		{7051A9B5-CF8A-4C29-BDB4-ECBEE8C0A04F}.Debug|Any CPU.ActiveCfg = Debug|Any CPU
		{7051A9B5-CF8A-4C29-BDB4-ECBEE8C0A04F}.Debug|Any CPU.Build.0 = Debug|Any CPU
		{7051A9B5-CF8A-4C29-BDB4-ECBEE8C0A04F}.Release|Any CPU.ActiveCfg = Release|Any CPU
		{7051A9B5-CF8A-4C29-BDB4-ECBEE8C0A04F}.Release|Any CPU.Build.0 = Release|Any CPU
		{F5EECB09-933D-4585-B12A-78A95AC62A86}.Debug|Any CPU.ActiveCfg = Debug|Any CPU
		{F5EECB09-933D-4585-B12A-78A95AC62A86}.Debug|Any CPU.Build.0 = Debug|Any CPU
		{F5EECB09-933D-4585-B12A-78A95AC62A86}.Release|Any CPU.ActiveCfg = Release|Any CPU
		{F5EECB09-933D-4585-B12A-78A95AC62A86}.Release|Any CPU.Build.0 = Release|Any CPU
	EndGlobalSection
EndGlobal
